
Microsoft Visual Studio Solution File, Format Version 12.00
# Visual Studio Version 17
VisualStudioVersion = 17.8.34316.72
MinimumVisualStudioVersion = 10.0.40219.1
Project("{2150E333-8FDC-42A3-9474-1A3956D46DE8}") = "SERVER", "SERVER", "{82D1CA43-5876-41D4-B98F-413FF4EB054B}"
EndProject
Project("{2150E333-8FDC-42A3-9474-1A3956D46DE8}") = "PUBLIC", "PUBLIC", "{18445618-754E-4614-9D94-7003BC94851F}"
	ProjectSection(SolutionItems) = preProject
		..\..\LICENSE = ..\..\LICENSE
		README.md = README.md
	EndProjectSection
EndProject
Project("{9A19103F-16F7-4668-BE54-9A1E7A4F7556}") = "API", "API\API.csproj", "{40B8B1D3-43E9-458C-97E9-11E3AAE32CE8}"
EndProject
Project("{2150E333-8FDC-42A3-9474-1A3956D46DE8}") = "SHARED", "SHARED", "{EFDEFBBD-C70B-460E-AAD9-A0344B0179CE}"
EndProject
Project("{9A19103F-16F7-4668-BE54-9A1E7A4F7556}") = "SharedClass", "SharedClass\SharedClass.csproj", "{6E882629-DB23-4152-814F-326D908635A8}"
EndProject
Project("{2150E333-8FDC-42A3-9474-1A3956D46DE8}") = "CLIENT", "CLIENT", "{0F94C796-CA8C-43C8-9AC2-7DC55863C596}"
EndProject
Project("{FAE04EC0-301F-11D3-BF4B-00C04F79EFBC}") = "BlazorWebAssembly", "BlazorWebAssembly\BlazorWebAssembly.csproj", "{0E3B4EE6-2A11-4702-8C3E-7DFC013ED466}"
EndProject
Global
	GlobalSection(SolutionConfigurationPlatforms) = preSolution
		Debug|Any CPU = Debug|Any CPU
		Release|Any CPU = Release|Any CPU
	EndGlobalSection
	GlobalSection(ProjectConfigurationPlatforms) = postSolution
		{40B8B1D3-43E9-458C-97E9-11E3AAE32CE8}.Debug|Any CPU.ActiveCfg = Debug|Any CPU
		{40B8B1D3-43E9-458C-97E9-11E3AAE32CE8}.Debug|Any CPU.Build.0 = Debug|Any CPU
		{40B8B1D3-43E9-458C-97E9-11E3AAE32CE8}.Release|Any CPU.ActiveCfg = Release|Any CPU
		{40B8B1D3-43E9-458C-97E9-11E3AAE32CE8}.Release|Any CPU.Build.0 = Release|Any CPU
		{6E882629-DB23-4152-814F-326D908635A8}.Debug|Any CPU.ActiveCfg = Debug|Any CPU
		{6E882629-DB23-4152-814F-326D908635A8}.Debug|Any CPU.Build.0 = Debug|Any CPU
		{6E882629-DB23-4152-814F-326D908635A8}.Release|Any CPU.ActiveCfg = Release|Any CPU
		{6E882629-DB23-4152-814F-326D908635A8}.Release|Any CPU.Build.0 = Release|Any CPU
		{0E3B4EE6-2A11-4702-8C3E-7DFC013ED466}.Debug|Any CPU.ActiveCfg = Debug|Any CPU
		{0E3B4EE6-2A11-4702-8C3E-7DFC013ED466}.Debug|Any CPU.Build.0 = Debug|Any CPU
		{0E3B4EE6-2A11-4702-8C3E-7DFC013ED466}.Release|Any CPU.ActiveCfg = Release|Any CPU
		{0E3B4EE6-2A11-4702-8C3E-7DFC013ED466}.Release|Any CPU.Build.0 = Release|Any CPU
	EndGlobalSection
	GlobalSection(SolutionProperties) = preSolution
		HideSolutionNode = FALSE
	EndGlobalSection
	GlobalSection(NestedProjects) = preSolution
		{40B8B1D3-43E9-458C-97E9-11E3AAE32CE8} = {82D1CA43-5876-41D4-B98F-413FF4EB054B}
		{6E882629-DB23-4152-814F-326D908635A8} = {EFDEFBBD-C70B-460E-AAD9-A0344B0179CE}
		{0E3B4EE6-2A11-4702-8C3E-7DFC013ED466} = {0F94C796-CA8C-43C8-9AC2-7DC55863C596}
	EndGlobalSection
	GlobalSection(ExtensibilityGlobals) = postSolution
		SolutionGuid = {5CC37B71-828C-48E3-9778-96C43B0BB274}
	EndGlobalSection
EndGlobal
